// !$*UTF8*$!
{
	archiveVersion = 1;
	classes = {
	};
	objectVersion = 46;
	objects = {

/* Begin PBXBuildFile section */
		0F37211B1BC9178500B79A68 /* main.m in Sources */ = {isa = PBXBuildFile; fileRef = 0F37211A1BC9178500B79A68 /* main.m */; };
		0F37211E1BC9178500B79A68 /* AppDelegate.m in Sources */ = {isa = PBXBuildFile; fileRef = 0F37211D1BC9178500B79A68 /* AppDelegate.m */; };
		0F3721211BC9178500B79A68 /* InitialViewController.m in Sources */ = {isa = PBXBuildFile; fileRef = 0F3721201BC9178500B79A68 /* InitialViewController.m */; };
		0F3721241BC9178500B79A68 /* Main.storyboard in Resources */ = {isa = PBXBuildFile; fileRef = 0F3721221BC9178500B79A68 /* Main.storyboard */; };
		0F3721291BC9178500B79A68 /* LaunchScreen.storyboard in Resources */ = {isa = PBXBuildFile; fileRef = 0F3721271BC9178500B79A68 /* LaunchScreen.storyboard */; };
		0F3721341BC9178500B79A68 /* Pub_CrawlerTests.m in Sources */ = {isa = PBXBuildFile; fileRef = 0F3721331BC9178500B79A68 /* Pub_CrawlerTests.m */; };
		0F37213F1BC9178500B79A68 /* Pub_CrawlerUITests.m in Sources */ = {isa = PBXBuildFile; fileRef = 0F37213E1BC9178500B79A68 /* Pub_CrawlerUITests.m */; };
		0F37214E1BC91CC800B79A68 /* headerImage.jpg in Resources */ = {isa = PBXBuildFile; fileRef = 0F37214D1BC91CC800B79A68 /* headerImage.jpg */; settings = {ASSET_TAGS = (); }; };
		0F3721541BC91EA400B79A68 /* IntroTableViewCell.m in Sources */ = {isa = PBXBuildFile; fileRef = 0F3721531BC91EA400B79A68 /* IntroTableViewCell.m */; settings = {ASSET_TAGS = (); }; };
		0F3721571BC925DD00B79A68 /* UIImageEffects.m in Sources */ = {isa = PBXBuildFile; fileRef = 0F3721561BC925DD00B79A68 /* UIImageEffects.m */; settings = {ASSET_TAGS = (); }; };
		0F37215A1BC928B500B79A68 /* Networking.m in Sources */ = {isa = PBXBuildFile; fileRef = 0F3721591BC928B500B79A68 /* Networking.m */; settings = {ASSET_TAGS = (); }; };
		0F37215D1BC92CE400B79A68 /* beer1.jpg in Resources */ = {isa = PBXBuildFile; fileRef = 0F37215C1BC92CE400B79A68 /* beer1.jpg */; settings = {ASSET_TAGS = (); }; };
		0F37215F1BC92CF000B79A68 /* beer2.jpg in Resources */ = {isa = PBXBuildFile; fileRef = 0F37215E1BC92CF000B79A68 /* beer2.jpg */; settings = {ASSET_TAGS = (); }; };
		0F3721621BC932D600B79A68 /* RouteViewController.m in Sources */ = {isa = PBXBuildFile; fileRef = 0F3721611BC932D500B79A68 /* RouteViewController.m */; settings = {ASSET_TAGS = (); }; };
		0F3721641BC93B6000B79A68 /* beer3.jpg in Resources */ = {isa = PBXBuildFile; fileRef = 0F3721631BC93B6000B79A68 /* beer3.jpg */; settings = {ASSET_TAGS = (); }; };
		0F3721661BC93B6500B79A68 /* beer4.jpeg in Resources */ = {isa = PBXBuildFile; fileRef = 0F3721651BC93B6500B79A68 /* beer4.jpeg */; settings = {ASSET_TAGS = (); }; };
		0F3721691BC94EC800B79A68 /* PubTableViewCell.m in Sources */ = {isa = PBXBuildFile; fileRef = 0F3721681BC94EC800B79A68 /* PubTableViewCell.m */; settings = {ASSET_TAGS = (); }; };
		0F37216B1BC9538A00B79A68 /* CoreLocation.framework in Frameworks */ = {isa = PBXBuildFile; fileRef = 0F37216A1BC9538900B79A68 /* CoreLocation.framework */; };
		0F37216D1BC954FE00B79A68 /* MapKit.framework in Frameworks */ = {isa = PBXBuildFile; fileRef = 0F37216C1BC954FE00B79A68 /* MapKit.framework */; };
		0F3721701BC963F400B79A68 /* PubViewController.m in Sources */ = {isa = PBXBuildFile; fileRef = 0F37216F1BC963F400B79A68 /* PubViewController.m */; settings = {ASSET_TAGS = (); }; };
		0F3721731BC97B1100B79A68 /* LoginViewController.m in Sources */ = {isa = PBXBuildFile; fileRef = 0F3721721BC97B1100B79A68 /* LoginViewController.m */; settings = {ASSET_TAGS = (); }; };
		11615BFBE899838ED951B695 /* libPods-Pub Crawler.a in Frameworks */ = {isa = PBXBuildFile; fileRef = 1EBE8D20A7401C5DC649C3CF /* libPods-Pub Crawler.a */; };
/* End PBXBuildFile section */

/* Begin PBXContainerItemProxy section */
		0F3721301BC9178500B79A68 /* PBXContainerItemProxy */ = {
			isa = PBXContainerItemProxy;
			containerPortal = 0F37210E1BC9178500B79A68 /* Project object */;
			proxyType = 1;
			remoteGlobalIDString = 0F3721151BC9178500B79A68;
			remoteInfo = "Pub Crawler";
		};
		0F37213B1BC9178500B79A68 /* PBXContainerItemProxy */ = {
			isa = PBXContainerItemProxy;
			containerPortal = 0F37210E1BC9178500B79A68 /* Project object */;
			proxyType = 1;
			remoteGlobalIDString = 0F3721151BC9178500B79A68;
			remoteInfo = "Pub Crawler";
		};
/* End PBXContainerItemProxy section */

/* Begin PBXFileReference section */
		0F3721161BC9178500B79A68 /* Pub Crawler.app */ = {isa = PBXFileReference; explicitFileType = wrapper.application; includeInIndex = 0; path = "Pub Crawler.app"; sourceTree = BUILT_PRODUCTS_DIR; };
		0F37211A1BC9178500B79A68 /* main.m */ = {isa = PBXFileReference; lastKnownFileType = sourcecode.c.objc; path = main.m; sourceTree = "<group>"; };
		0F37211C1BC9178500B79A68 /* AppDelegate.h */ = {isa = PBXFileReference; lastKnownFileType = sourcecode.c.h; path = AppDelegate.h; sourceTree = "<group>"; };
		0F37211D1BC9178500B79A68 /* AppDelegate.m */ = {isa = PBXFileReference; lastKnownFileType = sourcecode.c.objc; path = AppDelegate.m; sourceTree = "<group>"; };
		0F37211F1BC9178500B79A68 /* InitialViewController.h */ = {isa = PBXFileReference; lastKnownFileType = sourcecode.c.h; path = InitialViewController.h; sourceTree = "<group>"; };
		0F3721201BC9178500B79A68 /* InitialViewController.m */ = {isa = PBXFileReference; lastKnownFileType = sourcecode.c.objc; path = InitialViewController.m; sourceTree = "<group>"; };
		0F3721231BC9178500B79A68 /* Base */ = {isa = PBXFileReference; lastKnownFileType = file.storyboard; name = Base; path = Base.lproj/Main.storyboard; sourceTree = "<group>"; };
		0F3721281BC9178500B79A68 /* Base */ = {isa = PBXFileReference; lastKnownFileType = file.storyboard; name = Base; path = Base.lproj/LaunchScreen.storyboard; sourceTree = "<group>"; };
		0F37212A1BC9178500B79A68 /* Info.plist */ = {isa = PBXFileReference; lastKnownFileType = text.plist.xml; path = Info.plist; sourceTree = "<group>"; };
		0F37212F1BC9178500B79A68 /* Pub CrawlerTests.xctest */ = {isa = PBXFileReference; explicitFileType = wrapper.cfbundle; includeInIndex = 0; path = "Pub CrawlerTests.xctest"; sourceTree = BUILT_PRODUCTS_DIR; };
		0F3721331BC9178500B79A68 /* Pub_CrawlerTests.m */ = {isa = PBXFileReference; lastKnownFileType = sourcecode.c.objc; path = Pub_CrawlerTests.m; sourceTree = "<group>"; };
		0F3721351BC9178500B79A68 /* Info.plist */ = {isa = PBXFileReference; lastKnownFileType = text.plist.xml; path = Info.plist; sourceTree = "<group>"; };
		0F37213A1BC9178500B79A68 /* Pub CrawlerUITests.xctest */ = {isa = PBXFileReference; explicitFileType = wrapper.cfbundle; includeInIndex = 0; path = "Pub CrawlerUITests.xctest"; sourceTree = BUILT_PRODUCTS_DIR; };
		0F37213E1BC9178500B79A68 /* Pub_CrawlerUITests.m */ = {isa = PBXFileReference; lastKnownFileType = sourcecode.c.objc; path = Pub_CrawlerUITests.m; sourceTree = "<group>"; };
		0F3721401BC9178500B79A68 /* Info.plist */ = {isa = PBXFileReference; lastKnownFileType = text.plist.xml; path = Info.plist; sourceTree = "<group>"; };
		0F37214D1BC91CC800B79A68 /* headerImage.jpg */ = {isa = PBXFileReference; lastKnownFileType = image.jpeg; path = headerImage.jpg; sourceTree = "<group>"; };
		0F3721521BC91EA400B79A68 /* IntroTableViewCell.h */ = {isa = PBXFileReference; fileEncoding = 4; lastKnownFileType = sourcecode.c.h; path = IntroTableViewCell.h; sourceTree = "<group>"; };
		0F3721531BC91EA400B79A68 /* IntroTableViewCell.m */ = {isa = PBXFileReference; fileEncoding = 4; lastKnownFileType = sourcecode.c.objc; path = IntroTableViewCell.m; sourceTree = "<group>"; };
		0F3721551BC925DD00B79A68 /* UIImageEffects.h */ = {isa = PBXFileReference; fileEncoding = 4; lastKnownFileType = sourcecode.c.h; path = UIImageEffects.h; sourceTree = "<group>"; };
		0F3721561BC925DD00B79A68 /* UIImageEffects.m */ = {isa = PBXFileReference; fileEncoding = 4; lastKnownFileType = sourcecode.c.objc; path = UIImageEffects.m; sourceTree = "<group>"; };
		0F3721581BC928B500B79A68 /* Networking.h */ = {isa = PBXFileReference; fileEncoding = 4; lastKnownFileType = sourcecode.c.h; path = Networking.h; sourceTree = "<group>"; };
		0F3721591BC928B500B79A68 /* Networking.m */ = {isa = PBXFileReference; fileEncoding = 4; lastKnownFileType = sourcecode.c.objc; path = Networking.m; sourceTree = "<group>"; };
		0F37215C1BC92CE400B79A68 /* beer1.jpg */ = {isa = PBXFileReference; lastKnownFileType = image.jpeg; path = beer1.jpg; sourceTree = "<group>"; };
		0F37215E1BC92CF000B79A68 /* beer2.jpg */ = {isa = PBXFileReference; lastKnownFileType = image.jpeg; path = beer2.jpg; sourceTree = "<group>"; };
		0F3721601BC932D500B79A68 /* RouteViewController.h */ = {isa = PBXFileReference; fileEncoding = 4; lastKnownFileType = sourcecode.c.h; path = RouteViewController.h; sourceTree = "<group>"; };
		0F3721611BC932D500B79A68 /* RouteViewController.m */ = {isa = PBXFileReference; fileEncoding = 4; lastKnownFileType = sourcecode.c.objc; path = RouteViewController.m; sourceTree = "<group>"; };
		0F3721631BC93B6000B79A68 /* beer3.jpg */ = {isa = PBXFileReference; lastKnownFileType = image.jpeg; path = beer3.jpg; sourceTree = "<group>"; };
		0F3721651BC93B6500B79A68 /* beer4.jpeg */ = {isa = PBXFileReference; lastKnownFileType = image.jpeg; path = beer4.jpeg; sourceTree = "<group>"; };
		0F3721671BC94EC800B79A68 /* PubTableViewCell.h */ = {isa = PBXFileReference; fileEncoding = 4; lastKnownFileType = sourcecode.c.h; path = PubTableViewCell.h; sourceTree = "<group>"; };
		0F3721681BC94EC800B79A68 /* PubTableViewCell.m */ = {isa = PBXFileReference; fileEncoding = 4; lastKnownFileType = sourcecode.c.objc; path = PubTableViewCell.m; sourceTree = "<group>"; };
		0F37216A1BC9538900B79A68 /* CoreLocation.framework */ = {isa = PBXFileReference; lastKnownFileType = wrapper.framework; name = CoreLocation.framework; path = System/Library/Frameworks/CoreLocation.framework; sourceTree = SDKROOT; };
		0F37216C1BC954FE00B79A68 /* MapKit.framework */ = {isa = PBXFileReference; lastKnownFileType = wrapper.framework; name = MapKit.framework; path = System/Library/Frameworks/MapKit.framework; sourceTree = SDKROOT; };
		0F37216E1BC963F400B79A68 /* PubViewController.h */ = {isa = PBXFileReference; fileEncoding = 4; lastKnownFileType = sourcecode.c.h; path = PubViewController.h; sourceTree = "<group>"; };
		0F37216F1BC963F400B79A68 /* PubViewController.m */ = {isa = PBXFileReference; fileEncoding = 4; lastKnownFileType = sourcecode.c.objc; path = PubViewController.m; sourceTree = "<group>"; };
		0F3721711BC97B1100B79A68 /* LoginViewController.h */ = {isa = PBXFileReference; fileEncoding = 4; lastKnownFileType = sourcecode.c.h; path = LoginViewController.h; sourceTree = "<group>"; };
		0F3721721BC97B1100B79A68 /* LoginViewController.m */ = {isa = PBXFileReference; fileEncoding = 4; lastKnownFileType = sourcecode.c.objc; path = LoginViewController.m; sourceTree = "<group>"; };
		1EBE8D20A7401C5DC649C3CF /* libPods-Pub Crawler.a */ = {isa = PBXFileReference; explicitFileType = archive.ar; includeInIndex = 0; path = "libPods-Pub Crawler.a"; sourceTree = BUILT_PRODUCTS_DIR; };
		1F1F6E8B958D51F1A49892DD /* Pods-Pub Crawler.debug.xcconfig */ = {isa = PBXFileReference; includeInIndex = 1; lastKnownFileType = text.xcconfig; name = "Pods-Pub Crawler.debug.xcconfig"; path = "Pods/Target Support Files/Pods-Pub Crawler/Pods-Pub Crawler.debug.xcconfig"; sourceTree = "<group>"; };
		9B719C216989316D204A8F79 /* Pods-Pub Crawler.release.xcconfig */ = {isa = PBXFileReference; includeInIndex = 1; lastKnownFileType = text.xcconfig; name = "Pods-Pub Crawler.release.xcconfig"; path = "Pods/Target Support Files/Pods-Pub Crawler/Pods-Pub Crawler.release.xcconfig"; sourceTree = "<group>"; };
/* End PBXFileReference section */

/* Begin PBXFrameworksBuildPhase section */
		0F3721131BC9178500B79A68 /* Frameworks */ = {
			isa = PBXFrameworksBuildPhase;
			buildActionMask = 2147483647;
			files = (
				0F37216D1BC954FE00B79A68 /* MapKit.framework in Frameworks */,
				0F37216B1BC9538A00B79A68 /* CoreLocation.framework in Frameworks */,
				11615BFBE899838ED951B695 /* libPods-Pub Crawler.a in Frameworks */,
			);
			runOnlyForDeploymentPostprocessing = 0;
		};
		0F37212C1BC9178500B79A68 /* Frameworks */ = {
			isa = PBXFrameworksBuildPhase;
			buildActionMask = 2147483647;
			files = (
			);
			runOnlyForDeploymentPostprocessing = 0;
		};
		0F3721371BC9178500B79A68 /* Frameworks */ = {
			isa = PBXFrameworksBuildPhase;
			buildActionMask = 2147483647;
			files = (
			);
			runOnlyForDeploymentPostprocessing = 0;
		};
/* End PBXFrameworksBuildPhase section */

/* Begin PBXGroup section */
		0F37210D1BC9178500B79A68 = {
			isa = PBXGroup;
			children = (
				0F3721181BC9178500B79A68 /* Pub Crawler */,
				0F3721321BC9178500B79A68 /* Pub CrawlerTests */,
				0F37213D1BC9178500B79A68 /* Pub CrawlerUITests */,
				0F3721171BC9178500B79A68 /* Products */,
				D8560B5E015302EF0A11AA9F /* Pods */,
				3DBFCB09D104E97A72DD1527 /* Frameworks */,
			);
			sourceTree = "<group>";
		};
		0F3721171BC9178500B79A68 /* Products */ = {
			isa = PBXGroup;
			children = (
				0F3721161BC9178500B79A68 /* Pub Crawler.app */,
				0F37212F1BC9178500B79A68 /* Pub CrawlerTests.xctest */,
				0F37213A1BC9178500B79A68 /* Pub CrawlerUITests.xctest */,
			);
			name = Products;
			sourceTree = "<group>";
		};
		0F3721181BC9178500B79A68 /* Pub Crawler */ = {
			isa = PBXGroup;
			children = (
				0F37215B1BC92CD800B79A68 /* External */,
				0F37214C1BC91CB700B79A68 /* Assets */,
				0F37211C1BC9178500B79A68 /* AppDelegate.h */,
				0F37211D1BC9178500B79A68 /* AppDelegate.m */,
				0F3721501BC91E6F00B79A68 /* Model */,
				0F37214F1BC91E6000B79A68 /* Controllers */,
				0F3721511BC91E7700B79A68 /* Views */,
				0F37212A1BC9178500B79A68 /* Info.plist */,
				0F3721191BC9178500B79A68 /* Supporting Files */,
			);
			path = "Pub Crawler";
			sourceTree = "<group>";
		};
		0F3721191BC9178500B79A68 /* Supporting Files */ = {
			isa = PBXGroup;
			children = (
				0F37211A1BC9178500B79A68 /* main.m */,
			);
			name = "Supporting Files";
			sourceTree = "<group>";
		};
		0F3721321BC9178500B79A68 /* Pub CrawlerTests */ = {
			isa = PBXGroup;
			children = (
				0F3721331BC9178500B79A68 /* Pub_CrawlerTests.m */,
				0F3721351BC9178500B79A68 /* Info.plist */,
			);
			path = "Pub CrawlerTests";
			sourceTree = "<group>";
		};
		0F37213D1BC9178500B79A68 /* Pub CrawlerUITests */ = {
			isa = PBXGroup;
			children = (
				0F37213E1BC9178500B79A68 /* Pub_CrawlerUITests.m */,
				0F3721401BC9178500B79A68 /* Info.plist */,
			);
			path = "Pub CrawlerUITests";
			sourceTree = "<group>";
		};
		0F37214C1BC91CB700B79A68 /* Assets */ = {
			isa = PBXGroup;
			children = (
				0F37214D1BC91CC800B79A68 /* headerImage.jpg */,
				0F37215C1BC92CE400B79A68 /* beer1.jpg */,
				0F37215E1BC92CF000B79A68 /* beer2.jpg */,
				0F3721631BC93B6000B79A68 /* beer3.jpg */,
				0F3721651BC93B6500B79A68 /* beer4.jpeg */,
			);
			name = Assets;
			sourceTree = "<group>";
		};
		0F37214F1BC91E6000B79A68 /* Controllers */ = {
			isa = PBXGroup;
			children = (
				0F37211F1BC9178500B79A68 /* InitialViewController.h */,
				0F3721201BC9178500B79A68 /* InitialViewController.m */,
				0F3721711BC97B1100B79A68 /* LoginViewController.h */,
				0F3721721BC97B1100B79A68 /* LoginViewController.m */,
				0F3721601BC932D500B79A68 /* RouteViewController.h */,
				0F3721611BC932D500B79A68 /* RouteViewController.m */,
				0F37216E1BC963F400B79A68 /* PubViewController.h */,
				0F37216F1BC963F400B79A68 /* PubViewController.m */,
			);
			name = Controllers;
			sourceTree = "<group>";
		};
		0F3721501BC91E6F00B79A68 /* Model */ = {
			isa = PBXGroup;
			children = (
				0F3721581BC928B500B79A68 /* Networking.h */,
				0F3721591BC928B500B79A68 /* Networking.m */,
			);
			name = Model;
			sourceTree = "<group>";
		};
		0F3721511BC91E7700B79A68 /* Views */ = {
			isa = PBXGroup;
			children = (
				0F3721521BC91EA400B79A68 /* IntroTableViewCell.h */,
				0F3721531BC91EA400B79A68 /* IntroTableViewCell.m */,
				0F3721671BC94EC800B79A68 /* PubTableViewCell.h */,
				0F3721681BC94EC800B79A68 /* PubTableViewCell.m */,
				0F3721221BC9178500B79A68 /* Main.storyboard */,
				0F3721271BC9178500B79A68 /* LaunchScreen.storyboard */,
			);
			name = Views;
			sourceTree = "<group>";
		};
		0F37215B1BC92CD800B79A68 /* External */ = {
			isa = PBXGroup;
			children = (
				0F3721551BC925DD00B79A68 /* UIImageEffects.h */,
				0F3721561BC925DD00B79A68 /* UIImageEffects.m */,
			);
			name = External;
			sourceTree = "<group>";
		};
		3DBFCB09D104E97A72DD1527 /* Frameworks */ = {
			isa = PBXGroup;
			children = (
				0F37216C1BC954FE00B79A68 /* MapKit.framework */,
				0F37216A1BC9538900B79A68 /* CoreLocation.framework */,
				1EBE8D20A7401C5DC649C3CF /* libPods-Pub Crawler.a */,
			);
			name = Frameworks;
			sourceTree = "<group>";
		};
		D8560B5E015302EF0A11AA9F /* Pods */ = {
			isa = PBXGroup;
			children = (
				1F1F6E8B958D51F1A49892DD /* Pods-Pub Crawler.debug.xcconfig */,
				9B719C216989316D204A8F79 /* Pods-Pub Crawler.release.xcconfig */,
			);
			name = Pods;
			sourceTree = "<group>";
		};
/* End PBXGroup section */

/* Begin PBXNativeTarget section */
		0F3721151BC9178500B79A68 /* Pub Crawler */ = {
			isa = PBXNativeTarget;
			buildConfigurationList = 0F3721431BC9178500B79A68 /* Build configuration list for PBXNativeTarget "Pub Crawler" */;
			buildPhases = (
				FB86145FBF66C263A4D831E1 /* Check Pods Manifest.lock */,
				0F3721121BC9178500B79A68 /* Sources */,
				0F3721131BC9178500B79A68 /* Frameworks */,
				0F3721141BC9178500B79A68 /* Resources */,
				87DCBA9078059029BD9262B2 /* Copy Pods Resources */,
			);
			buildRules = (
			);
			dependencies = (
			);
			name = "Pub Crawler";
			productName = "Pub Crawler";
			productReference = 0F3721161BC9178500B79A68 /* Pub Crawler.app */;
			productType = "com.apple.product-type.application";
		};
		0F37212E1BC9178500B79A68 /* Pub CrawlerTests */ = {
			isa = PBXNativeTarget;
			buildConfigurationList = 0F3721461BC9178500B79A68 /* Build configuration list for PBXNativeTarget "Pub CrawlerTests" */;
			buildPhases = (
				0F37212B1BC9178500B79A68 /* Sources */,
				0F37212C1BC9178500B79A68 /* Frameworks */,
				0F37212D1BC9178500B79A68 /* Resources */,
			);
			buildRules = (
			);
			dependencies = (
				0F3721311BC9178500B79A68 /* PBXTargetDependency */,
			);
			name = "Pub CrawlerTests";
			productName = "Pub CrawlerTests";
			productReference = 0F37212F1BC9178500B79A68 /* Pub CrawlerTests.xctest */;
			productType = "com.apple.product-type.bundle.unit-test";
		};
		0F3721391BC9178500B79A68 /* Pub CrawlerUITests */ = {
			isa = PBXNativeTarget;
			buildConfigurationList = 0F3721491BC9178500B79A68 /* Build configuration list for PBXNativeTarget "Pub CrawlerUITests" */;
			buildPhases = (
				0F3721361BC9178500B79A68 /* Sources */,
				0F3721371BC9178500B79A68 /* Frameworks */,
				0F3721381BC9178500B79A68 /* Resources */,
			);
			buildRules = (
			);
			dependencies = (
				0F37213C1BC9178500B79A68 /* PBXTargetDependency */,
			);
			name = "Pub CrawlerUITests";
			productName = "Pub CrawlerUITests";
			productReference = 0F37213A1BC9178500B79A68 /* Pub CrawlerUITests.xctest */;
			productType = "com.apple.product-type.bundle.ui-testing";
		};
/* End PBXNativeTarget section */

/* Begin PBXProject section */
		0F37210E1BC9178500B79A68 /* Project object */ = {
			isa = PBXProject;
			attributes = {
				LastUpgradeCheck = 0700;
				ORGANIZATIONNAME = "Alexandru Clapa";
				TargetAttributes = {
					0F3721151BC9178500B79A68 = {
						CreatedOnToolsVersion = 7.0.1;
					};
					0F37212E1BC9178500B79A68 = {
						CreatedOnToolsVersion = 7.0.1;
						TestTargetID = 0F3721151BC9178500B79A68;
					};
					0F3721391BC9178500B79A68 = {
						CreatedOnToolsVersion = 7.0.1;
						TestTargetID = 0F3721151BC9178500B79A68;
					};
				};
			};
			buildConfigurationList = 0F3721111BC9178500B79A68 /* Build configuration list for PBXProject "Pub Crawler" */;
			compatibilityVersion = "Xcode 3.2";
			developmentRegion = English;
			hasScannedForEncodings = 0;
			knownRegions = (
				en,
				Base,
			);
			mainGroup = 0F37210D1BC9178500B79A68;
			productRefGroup = 0F3721171BC9178500B79A68 /* Products */;
			projectDirPath = "";
			projectRoot = "";
			targets = (
				0F3721151BC9178500B79A68 /* Pub Crawler */,
				0F37212E1BC9178500B79A68 /* Pub CrawlerTests */,
				0F3721391BC9178500B79A68 /* Pub CrawlerUITests */,
			);
		};
/* End PBXProject section */

/* Begin PBXResourcesBuildPhase section */
		0F3721141BC9178500B79A68 /* Resources */ = {
			isa = PBXResourcesBuildPhase;
			buildActionMask = 2147483647;
			files = (
				0F37214E1BC91CC800B79A68 /* headerImage.jpg in Resources */,
				0F3721291BC9178500B79A68 /* LaunchScreen.storyboard in Resources */,
				0F37215D1BC92CE400B79A68 /* beer1.jpg in Resources */,
				0F3721641BC93B6000B79A68 /* beer3.jpg in Resources */,
				0F3721241BC9178500B79A68 /* Main.storyboard in Resources */,
				0F37215F1BC92CF000B79A68 /* beer2.jpg in Resources */,
				0F3721661BC93B6500B79A68 /* beer4.jpeg in Resources */,
			);
			runOnlyForDeploymentPostprocessing = 0;
		};
		0F37212D1BC9178500B79A68 /* Resources */ = {
			isa = PBXResourcesBuildPhase;
			buildActionMask = 2147483647;
			files = (
			);
			runOnlyForDeploymentPostprocessing = 0;
		};
		0F3721381BC9178500B79A68 /* Resources */ = {
			isa = PBXResourcesBuildPhase;
			buildActionMask = 2147483647;
			files = (
			);
			runOnlyForDeploymentPostprocessing = 0;
		};
/* End PBXResourcesBuildPhase section */

/* Begin PBXShellScriptBuildPhase section */
		87DCBA9078059029BD9262B2 /* Copy Pods Resources */ = {
			isa = PBXShellScriptBuildPhase;
			buildActionMask = 2147483647;
			files = (
			);
			inputPaths = (
			);
			name = "Copy Pods Resources";
			outputPaths = (
			);
			runOnlyForDeploymentPostprocessing = 0;
			shellPath = /bin/sh;
			shellScript = "\"${SRCROOT}/Pods/Target Support Files/Pods-Pub Crawler/Pods-Pub Crawler-resources.sh\"\n";
			showEnvVarsInLog = 0;
		};
		FB86145FBF66C263A4D831E1 /* Check Pods Manifest.lock */ = {
			isa = PBXShellScriptBuildPhase;
			buildActionMask = 2147483647;
			files = (
			);
			inputPaths = (
			);
			name = "Check Pods Manifest.lock";
			outputPaths = (
			);
			runOnlyForDeploymentPostprocessing = 0;
			shellPath = /bin/sh;
			shellScript = "diff \"${PODS_ROOT}/../Podfile.lock\" \"${PODS_ROOT}/Manifest.lock\" > /dev/null\nif [[ $? != 0 ]] ; then\n    cat << EOM\nerror: The sandbox is not in sync with the Podfile.lock. Run 'pod install' or update your CocoaPods installation.\nEOM\n    exit 1\nfi\n";
			showEnvVarsInLog = 0;
		};
/* End PBXShellScriptBuildPhase section */

/* Begin PBXSourcesBuildPhase section */
		0F3721121BC9178500B79A68 /* Sources */ = {
			isa = PBXSourcesBuildPhase;
			buildActionMask = 2147483647;
			files = (
				0F3721211BC9178500B79A68 /* InitialViewController.m in Sources */,
				0F37211E1BC9178500B79A68 /* AppDelegate.m in Sources */,
				0F3721541BC91EA400B79A68 /* IntroTableViewCell.m in Sources */,
				0F3721701BC963F400B79A68 /* PubViewController.m in Sources */,
				0F3721731BC97B1100B79A68 /* LoginViewController.m in Sources */,
				0F3721571BC925DD00B79A68 /* UIImageEffects.m in Sources */,
				0F37211B1BC9178500B79A68 /* main.m in Sources */,
				0F3721621BC932D600B79A68 /* RouteViewController.m in Sources */,
				0F37215A1BC928B500B79A68 /* Networking.m in Sources */,
				0F3721691BC94EC800B79A68 /* PubTableViewCell.m in Sources */,
			);
			runOnlyForDeploymentPostprocessing = 0;
		};
		0F37212B1BC9178500B79A68 /* Sources */ = {
			isa = PBXSourcesBuildPhase;
			buildActionMask = 2147483647;
			files = (
				0F3721341BC9178500B79A68 /* Pub_CrawlerTests.m in Sources */,
			);
			runOnlyForDeploymentPostprocessing = 0;
		};
		0F3721361BC9178500B79A68 /* Sources */ = {
			isa = PBXSourcesBuildPhase;
			buildActionMask = 2147483647;
			files = (
				0F37213F1BC9178500B79A68 /* Pub_CrawlerUITests.m in Sources */,
			);
			runOnlyForDeploymentPostprocessing = 0;
		};
/* End PBXSourcesBuildPhase section */

/* Begin PBXTargetDependency section */
		0F3721311BC9178500B79A68 /* PBXTargetDependency */ = {
			isa = PBXTargetDependency;
			target = 0F3721151BC9178500B79A68 /* Pub Crawler */;
			targetProxy = 0F3721301BC9178500B79A68 /* PBXContainerItemProxy */;
		};
		0F37213C1BC9178500B79A68 /* PBXTargetDependency */ = {
			isa = PBXTargetDependency;
			target = 0F3721151BC9178500B79A68 /* Pub Crawler */;
			targetProxy = 0F37213B1BC9178500B79A68 /* PBXContainerItemProxy */;
		};
/* End PBXTargetDependency section */

/* Begin PBXVariantGroup section */
		0F3721221BC9178500B79A68 /* Main.storyboard */ = {
			isa = PBXVariantGroup;
			children = (
				0F3721231BC9178500B79A68 /* Base */,
			);
			name = Main.storyboard;
			sourceTree = "<group>";
		};
		0F3721271BC9178500B79A68 /* LaunchScreen.storyboard */ = {
			isa = PBXVariantGroup;
			children = (
				0F3721281BC9178500B79A68 /* Base */,
			);
			name = LaunchScreen.storyboard;
			sourceTree = "<group>";
		};
/* End PBXVariantGroup section */

/* Begin XCBuildConfiguration section */
		0F3721411BC9178500B79A68 /* Debug */ = {
			isa = XCBuildConfiguration;
			buildSettings = {
				ALWAYS_SEARCH_USER_PATHS = NO;
				CLANG_CXX_LANGUAGE_STANDARD = "gnu++0x";
				CLANG_CXX_LIBRARY = "libc++";
				CLANG_ENABLE_MODULES = YES;
				CLANG_ENABLE_OBJC_ARC = YES;
				CLANG_WARN_BOOL_CONVERSION = YES;
				CLANG_WARN_CONSTANT_CONVERSION = YES;
				CLANG_WARN_DIRECT_OBJC_ISA_USAGE = YES_ERROR;
				CLANG_WARN_EMPTY_BODY = YES;
				CLANG_WARN_ENUM_CONVERSION = YES;
				CLANG_WARN_INT_CONVERSION = YES;
				CLANG_WARN_OBJC_ROOT_CLASS = YES_ERROR;
				CLANG_WARN_UNREACHABLE_CODE = YES;
				CLANG_WARN__DUPLICATE_METHOD_MATCH = YES;
				"CODE_SIGN_IDENTITY[sdk=iphoneos*]" = "iPhone Developer";
				COPY_PHASE_STRIP = NO;
				DEBUG_INFORMATION_FORMAT = dwarf;
				ENABLE_STRICT_OBJC_MSGSEND = YES;
				ENABLE_TESTABILITY = YES;
				GCC_C_LANGUAGE_STANDARD = gnu99;
				GCC_DYNAMIC_NO_PIC = NO;
				GCC_NO_COMMON_BLOCKS = YES;
				GCC_OPTIMIZATION_LEVEL = 0;
				GCC_PREPROCESSOR_DEFINITIONS = (
					"DEBUG=1",
					"$(inherited)",
				);
				GCC_WARN_64_TO_32_BIT_CONVERSION = YES;
				GCC_WARN_ABOUT_RETURN_TYPE = YES_ERROR;
				GCC_WARN_UNDECLARED_SELECTOR = YES;
				GCC_WARN_UNINITIALIZED_AUTOS = YES_AGGRESSIVE;
				GCC_WARN_UNUSED_FUNCTION = YES;
				GCC_WARN_UNUSED_VARIABLE = YES;
				IPHONEOS_DEPLOYMENT_TARGET = 9.0;
				MTL_ENABLE_DEBUG_INFO = YES;
				ONLY_ACTIVE_ARCH = YES;
				SDKROOT = iphoneos;
			};
			name = Debug;
		};
		0F3721421BC9178500B79A68 /* Release */ = {
			isa = XCBuildConfiguration;
			buildSettings = {
				ALWAYS_SEARCH_USER_PATHS = NO;
				CLANG_CXX_LANGUAGE_STANDARD = "gnu++0x";
				CLANG_CXX_LIBRARY = "libc++";
				CLANG_ENABLE_MODULES = YES;
				CLANG_ENABLE_OBJC_ARC = YES;
				CLANG_WARN_BOOL_CONVERSION = YES;
				CLANG_WARN_CONSTANT_CONVERSION = YES;
				CLANG_WARN_DIRECT_OBJC_ISA_USAGE = YES_ERROR;
				CLANG_WARN_EMPTY_BODY = YES;
				CLANG_WARN_ENUM_CONVERSION = YES;
				CLANG_WARN_INT_CONVERSION = YES;
				CLANG_WARN_OBJC_ROOT_CLASS = YES_ERROR;
				CLANG_WARN_UNREACHABLE_CODE = YES;
				CLANG_WARN__DUPLICATE_METHOD_MATCH = YES;
				"CODE_SIGN_IDENTITY[sdk=iphoneos*]" = "iPhone Developer";
				COPY_PHASE_STRIP = NO;
				DEBUG_INFORMATION_FORMAT = "dwarf-with-dsym";
				ENABLE_NS_ASSERTIONS = NO;
				ENABLE_STRICT_OBJC_MSGSEND = YES;
				GCC_C_LANGUAGE_STANDARD = gnu99;
				GCC_NO_COMMON_BLOCKS = YES;
				GCC_WARN_64_TO_32_BIT_CONVERSION = YES;
				GCC_WARN_ABOUT_RETURN_TYPE = YES_ERROR;
				GCC_WARN_UNDECLARED_SELECTOR = YES;
				GCC_WARN_UNINITIALIZED_AUTOS = YES_AGGRESSIVE;
				GCC_WARN_UNUSED_FUNCTION = YES;
				GCC_WARN_UNUSED_VARIABLE = YES;
				IPHONEOS_DEPLOYMENT_TARGET = 9.0;
				MTL_ENABLE_DEBUG_INFO = NO;
				SDKROOT = iphoneos;
				VALIDATE_PRODUCT = YES;
			};
			name = Release;
		};
		0F3721441BC9178500B79A68 /* Debug */ = {
			isa = XCBuildConfiguration;
			baseConfigurationReference = 1F1F6E8B958D51F1A49892DD /* Pods-Pub Crawler.debug.xcconfig */;
			buildSettings = {
				ASSETCATALOG_COMPILER_APPICON_NAME = AppIcon;
				INFOPLIST_FILE = "Pub Crawler/Info.plist";
				LD_RUNPATH_SEARCH_PATHS = "$(inherited) @executable_path/Frameworks";
				PRODUCT_BUNDLE_IDENTIFIER = "com.alexandruclapa.Pub-Crawler";
				PRODUCT_NAME = "$(TARGET_NAME)";
			};
			name = Debug;
		};
		0F3721451BC9178500B79A68 /* Release */ = {
			isa = XCBuildConfiguration;
			baseConfigurationReference = 9B719C216989316D204A8F79 /* Pods-Pub Crawler.release.xcconfig */;
			buildSettings = {
				ASSETCATALOG_COMPILER_APPICON_NAME = AppIcon;
				INFOPLIST_FILE = "Pub Crawler/Info.plist";
				LD_RUNPATH_SEARCH_PATHS = "$(inherited) @executable_path/Frameworks";
				PRODUCT_BUNDLE_IDENTIFIER = "com.alexandruclapa.Pub-Crawler";
				PRODUCT_NAME = "$(TARGET_NAME)";
			};
			name = Release;
		};
		0F3721471BC9178500B79A68 /* Debug */ = {
			isa = XCBuildConfiguration;
			buildSettings = {
				BUNDLE_LOADER = "$(TEST_HOST)";
				INFOPLIST_FILE = "Pub CrawlerTests/Info.plist";
				LD_RUNPATH_SEARCH_PATHS = "$(inherited) @executable_path/Frameworks @loader_path/Frameworks";
				PRODUCT_BUNDLE_IDENTIFIER = "com.alexandruclapa.Pub-CrawlerTests";
				PRODUCT_NAME = "$(TARGET_NAME)";
				TEST_HOST = "$(BUILT_PRODUCTS_DIR)/Pub Crawler.app/Pub Crawler";
			};
			name = Debug;
		};
		0F3721481BC9178500B79A68 /* Release */ = {
			isa = XCBuildConfiguration;
			buildSettings = {
				BUNDLE_LOADER = "$(TEST_HOST)";
				INFOPLIST_FILE = "Pub CrawlerTests/Info.plist";
				LD_RUNPATH_SEARCH_PATHS = "$(inherited) @executable_path/Frameworks @loader_path/Frameworks";
				PRODUCT_BUNDLE_IDENTIFIER = "com.alexandruclapa.Pub-CrawlerTests";
				PRODUCT_NAME = "$(TARGET_NAME)";
				TEST_HOST = "$(BUILT_PRODUCTS_DIR)/Pub Crawler.app/Pub Crawler";
			};
			name = Release;
		};
		0F37214A1BC9178500B79A68 /* Debug */ = {
			isa = XCBuildConfiguration;
			buildSettings = {
				INFOPLIST_FILE = "Pub CrawlerUITests/Info.plist";
				LD_RUNPATH_SEARCH_PATHS = "$(inherited) @executable_path/Frameworks @loader_path/Frameworks";
				PRODUCT_BUNDLE_IDENTIFIER = "com.alexandruclapa.Pub-CrawlerUITests";
				PRODUCT_NAME = "$(TARGET_NAME)";
				TEST_TARGET_NAME = "Pub Crawler";
				USES_XCTRUNNER = YES;
			};
			name = Debug;
		};
		0F37214B1BC9178500B79A68 /* Release */ = {
			isa = XCBuildConfiguration;
			buildSettings = {
				INFOPLIST_FILE = "Pub CrawlerUITests/Info.plist";
				LD_RUNPATH_SEARCH_PATHS = "$(inherited) @executable_path/Frameworks @loader_path/Frameworks";
				PRODUCT_BUNDLE_IDENTIFIER = "com.alexandruclapa.Pub-CrawlerUITests";
				PRODUCT_NAME = "$(TARGET_NAME)";
				TEST_TARGET_NAME = "Pub Crawler";
				USES_XCTRUNNER = YES;
			};
			name = Release;
		};
/* End XCBuildConfiguration section */

/* Begin XCConfigurationList section */
		0F3721111BC9178500B79A68 /* Build configuration list for PBXProject "Pub Crawler" */ = {
			isa = XCConfigurationList;
			buildConfigurations = (
				0F3721411BC9178500B79A68 /* Debug */,
				0F3721421BC9178500B79A68 /* Release */,
			);
			defaultConfigurationIsVisible = 0;
			defaultConfigurationName = Release;
		};
		0F3721431BC9178500B79A68 /* Build configuration list for PBXNativeTarget "Pub Crawler" */ = {
			isa = XCConfigurationList;
			buildConfigurations = (
				0F3721441BC9178500B79A68 /* Debug */,
				0F3721451BC9178500B79A68 /* Release */,
			);
			defaultConfigurationIsVisible = 0;
			defaultConfigurationName = Release;
		};
		0F3721461BC9178500B79A68 /* Build configuration list for PBXNativeTarget "Pub CrawlerTests" */ = {
			isa = XCConfigurationList;
			buildConfigurations = (
				0F3721471BC9178500B79A68 /* Debug */,
				0F3721481BC9178500B79A68 /* Release */,
			);
			defaultConfigurationIsVisible = 0;
			defaultConfigurationName = Release;
		};
		0F3721491BC9178500B79A68 /* Build configuration list for PBXNativeTarget "Pub CrawlerUITests" */ = {
			isa = XCConfigurationList;
			buildConfigurations = (
				0F37214A1BC9178500B79A68 /* Debug */,
				0F37214B1BC9178500B79A68 /* Release */,
			);
			defaultConfigurationIsVisible = 0;
			defaultConfigurationName = Release;
		};
/* End XCConfigurationList section */
	};
	rootObject = 0F37210E1BC9178500B79A68 /* Project object */;
}
